
Microsoft Visual Studio Solution File, Format Version 12.00
# Visual Studio 15
VisualStudioVersion = 15.0.28010.2003
MinimumVisualStudioVersion = 10.0.40219.1
Project("{FAE04EC0-301F-11D3-BF4B-00C04F79EFBC}") = "DIScheduler", "DIScheduler\DIScheduler.csproj", "{224768FF-8F86-49E8-9868-DD0218BB3186}"
EndProject
Global
	GlobalSection(SolutionConfigurationPlatforms) = preSolution
		Debug|Any CPU = Debug|Any CPU
		Release|Any CPU = Release|Any CPU
	EndGlobalSection
	GlobalSection(ProjectConfigurationPlatforms) = postSolution
		{224768FF-8F86-49E8-9868-DD0218BB3186}.Debug|Any CPU.ActiveCfg = Debug|Any CPU
		{224768FF-8F86-49E8-9868-DD0218BB3186}.Debug|Any CPU.Build.0 = Debug|Any CPU
		{224768FF-8F86-49E8-9868-DD0218BB3186}.Release|Any CPU.ActiveCfg = Release|Any CPU
		{224768FF-8F86-49E8-9868-DD0218BB3186}.Release|Any CPU.Build.0 = Release|Any CPU
	EndGlobalSection
	GlobalSection(SolutionProperties) = preSolution
		HideSolutionNode = FALSE
	EndGlobalSection
	GlobalSection(ExtensibilityGlobals) = postSolution
		SolutionGuid = {DA8728B3-9AED-4EEA-9A2A-59AC3C6C79A9}
	EndGlobalSection
EndGlobal
